
Microsoft Visual Studio Solution File, Format Version 12.00
# Visual Studio Version 16
VisualStudioVersion = 16.0.30330.147
MinimumVisualStudioVersion = 10.0.40219.1
Project("{FAE04EC0-301F-11D3-BF4B-00C04F79EFBC}") = "Assign1_Salesboard_Zephyr", "Assign1_Salesboard_Zephyr\Assign1_Salesboard_Zephyr.csproj", "{F623D2ED-206F-42B4-AEFF-3F31FA60C401}"
EndProject
Global
	GlobalSection(SolutionConfigurationPlatforms) = preSolution
		Debug|Any CPU = Debug|Any CPU
		Release|Any CPU = Release|Any CPU
	EndGlobalSection
	GlobalSection(ProjectConfigurationPlatforms) = postSolution
		{F623D2ED-206F-42B4-AEFF-3F31FA60C401}.Debug|Any CPU.ActiveCfg = Debug|Any CPU
		{F623D2ED-206F-42B4-AEFF-3F31FA60C401}.Debug|Any CPU.Build.0 = Debug|Any CPU
		{F623D2ED-206F-42B4-AEFF-3F31FA60C401}.Release|Any CPU.ActiveCfg = Release|Any CPU
		{F623D2ED-206F-42B4-AEFF-3F31FA60C401}.Release|Any CPU.Build.0 = Release|Any CPU
	EndGlobalSection
	GlobalSection(SolutionProperties) = preSolution
		HideSolutionNode = FALSE
	EndGlobalSection
	GlobalSection(ExtensibilityGlobals) = postSolution
		SolutionGuid = {7F86F648-D00B-4175-9C7C-253F4AAF6341}
	EndGlobalSection
EndGlobal
